
Microsoft Visual Studio Solution File, Format Version 12.00
Project("{FAE04EC0-301F-11D3-BF4B-00C04F79EFBC}") = "cswlib", "cswlib\cswlib.csproj", "{FAA6C482-A9A4-4243-BA66-2393D126B246}"
EndProject
Global
	GlobalSection(SolutionConfigurationPlatforms) = preSolution
		Debug|Any CPU = Debug|Any CPU
		Release|Any CPU = Release|Any CPU
	EndGlobalSection
	GlobalSection(ProjectConfigurationPlatforms) = postSolution
		{FAA6C482-A9A4-4243-BA66-2393D126B246}.Debug|Any CPU.ActiveCfg = Debug|Any CPU
		{FAA6C482-A9A4-4243-BA66-2393D126B246}.Debug|Any CPU.Build.0 = Debug|Any CPU
		{FAA6C482-A9A4-4243-BA66-2393D126B246}.Release|Any CPU.ActiveCfg = Release|Any CPU
		{FAA6C482-A9A4-4243-BA66-2393D126B246}.Release|Any CPU.Build.0 = Release|Any CPU
	EndGlobalSection
EndGlobal
